
Microsoft Visual Studio Solution File, Format Version 12.00
# Visual Studio Version 17
VisualStudioVersion = 17.9.34728.123
MinimumVisualStudioVersion = 10.0.40219.1
Project("{9A19103F-16F7-4668-BE54-9A1E7A4F7556}") = "KASHOP.PT", "KASHOP.PT\KASHOP.PT.csproj", "{73438E69-C081-4388-BCF5-0D53E442573F}"
EndProject
Project("{FAE04EC0-301F-11D3-BF4B-00C04F79EFBC}") = "KASHOP.DAL", "KASHOP.DAL\KASHOP.DAL.csproj", "{1F3A6CA0-B839-42ED-8126-63C18BF559B6}"
EndProject
Project("{FAE04EC0-301F-11D3-BF4B-00C04F79EFBC}") = "KASHOP.BLL", "KASHOP.BLL\KASHOP.BLL.csproj", "{DE8F4671-4262-4BC5-9D07-FCA044FF5AB1}"
EndProject
Global
	GlobalSection(SolutionConfigurationPlatforms) = preSolution
		Debug|Any CPU = Debug|Any CPU
		Release|Any CPU = Release|Any CPU
	EndGlobalSection
	GlobalSection(ProjectConfigurationPlatforms) = postSolution
		{73438E69-C081-4388-BCF5-0D53E442573F}.Debug|Any CPU.ActiveCfg = Debug|Any CPU
		{73438E69-C081-4388-BCF5-0D53E442573F}.Debug|Any CPU.Build.0 = Debug|Any CPU
		{73438E69-C081-4388-BCF5-0D53E442573F}.Release|Any CPU.ActiveCfg = Release|Any CPU
		{73438E69-C081-4388-BCF5-0D53E442573F}.Release|Any CPU.Build.0 = Release|Any CPU
		{1F3A6CA0-B839-42ED-8126-63C18BF559B6}.Debug|Any CPU.ActiveCfg = Debug|Any CPU
		{1F3A6CA0-B839-42ED-8126-63C18BF559B6}.Debug|Any CPU.Build.0 = Debug|Any CPU
		{1F3A6CA0-B839-42ED-8126-63C18BF559B6}.Release|Any CPU.ActiveCfg = Release|Any CPU
		{1F3A6CA0-B839-42ED-8126-63C18BF559B6}.Release|Any CPU.Build.0 = Release|Any CPU
		{DE8F4671-4262-4BC5-9D07-FCA044FF5AB1}.Debug|Any CPU.ActiveCfg = Debug|Any CPU
		{DE8F4671-4262-4BC5-9D07-FCA044FF5AB1}.Debug|Any CPU.Build.0 = Debug|Any CPU
		{DE8F4671-4262-4BC5-9D07-FCA044FF5AB1}.Release|Any CPU.ActiveCfg = Release|Any CPU
		{DE8F4671-4262-4BC5-9D07-FCA044FF5AB1}.Release|Any CPU.Build.0 = Release|Any CPU
	EndGlobalSection
	GlobalSection(SolutionProperties) = preSolution
		HideSolutionNode = FALSE
	EndGlobalSection
	GlobalSection(ExtensibilityGlobals) = postSolution
		SolutionGuid = {709A0DEE-6227-4C2F-9DD7-EFC82F1F79EE}
	EndGlobalSection
EndGlobal
