
Microsoft Visual Studio Solution File, Format Version 12.00
# Visual Studio Version 17
VisualStudioVersion = 17.14.36310.24 d17.14
MinimumVisualStudioVersion = 10.0.40219.1
Project("{FAE04EC0-301F-11D3-BF4B-00C04F79EFBC}") = "KASHOP.PT", "KASHOP.PT\KASHOP.PT.csproj", "{061A9EB8-B2C6-4A35-BE7D-3C6BFFA5BB42}"
EndProject
Project("{FAE04EC0-301F-11D3-BF4B-00C04F79EFBC}") = "KASHOP.DAL", "KASHOP.DAL\KASHOP.DAL.csproj", "{C98B1329-5EEF-40D8-B0EE-C7186D517EFF}"
EndProject
Project("{FAE04EC0-301F-11D3-BF4B-00C04F79EFBC}") = "KASHOP.BLL", "KASHOP.BLL\KASHOP.BLL.csproj", "{A7EE2C75-BDBA-48AC-8F94-62B782BD6044}"
EndProject
Global
	GlobalSection(SolutionConfigurationPlatforms) = preSolution
		Debug|Any CPU = Debug|Any CPU
		Release|Any CPU = Release|Any CPU
	EndGlobalSection
	GlobalSection(ProjectConfigurationPlatforms) = postSolution
		{061A9EB8-B2C6-4A35-BE7D-3C6BFFA5BB42}.Debug|Any CPU.ActiveCfg = Debug|Any CPU
		{061A9EB8-B2C6-4A35-BE7D-3C6BFFA5BB42}.Debug|Any CPU.Build.0 = Debug|Any CPU
		{061A9EB8-B2C6-4A35-BE7D-3C6BFFA5BB42}.Release|Any CPU.ActiveCfg = Release|Any CPU
		{061A9EB8-B2C6-4A35-BE7D-3C6BFFA5BB42}.Release|Any CPU.Build.0 = Release|Any CPU
		{C98B1329-5EEF-40D8-B0EE-C7186D517EFF}.Debug|Any CPU.ActiveCfg = Debug|Any CPU
		{C98B1329-5EEF-40D8-B0EE-C7186D517EFF}.Debug|Any CPU.Build.0 = Debug|Any CPU
		{C98B1329-5EEF-40D8-B0EE-C7186D517EFF}.Release|Any CPU.ActiveCfg = Release|Any CPU
		{C98B1329-5EEF-40D8-B0EE-C7186D517EFF}.Release|Any CPU.Build.0 = Release|Any CPU
		{A7EE2C75-BDBA-48AC-8F94-62B782BD6044}.Debug|Any CPU.ActiveCfg = Debug|Any CPU
		{A7EE2C75-BDBA-48AC-8F94-62B782BD6044}.Debug|Any CPU.Build.0 = Debug|Any CPU
		{A7EE2C75-BDBA-48AC-8F94-62B782BD6044}.Release|Any CPU.ActiveCfg = Release|Any CPU
		{A7EE2C75-BDBA-48AC-8F94-62B782BD6044}.Release|Any CPU.Build.0 = Release|Any CPU
	EndGlobalSection
	GlobalSection(SolutionProperties) = preSolution
		HideSolutionNode = FALSE
	EndGlobalSection
	GlobalSection(ExtensibilityGlobals) = postSolution
		SolutionGuid = {E380C873-A350-45DD-9B40-D82AD0361C60}
	EndGlobalSection
EndGlobal
